
Microsoft Visual Studio Solution File, Format Version 12.00
# Visual Studio Version 17
VisualStudioVersion = 17.3.32901.215
MinimumVisualStudioVersion = 10.0.40219.1
Project("{FAE04EC0-301F-11D3-BF4B-00C04F79EFBC}") = "Client", "Client\Client.csproj", "{321A8524-F06D-4F91-AA08-639F25817219}"
EndProject
Global
	GlobalSection(SolutionConfigurationPlatforms) = preSolution
		Debug|Any CPU = Debug|Any CPU
		Release|Any CPU = Release|Any CPU
	EndGlobalSection
	GlobalSection(ProjectConfigurationPlatforms) = postSolution
		{321A8524-F06D-4F91-AA08-639F25817219}.Debug|Any CPU.ActiveCfg = Debug|Any CPU
		{321A8524-F06D-4F91-AA08-639F25817219}.Debug|Any CPU.Build.0 = Debug|Any CPU
		{321A8524-F06D-4F91-AA08-639F25817219}.Release|Any CPU.ActiveCfg = Release|Any CPU
		{321A8524-F06D-4F91-AA08-639F25817219}.Release|Any CPU.Build.0 = Release|Any CPU
	EndGlobalSection
	GlobalSection(SolutionProperties) = preSolution
		HideSolutionNode = FALSE
	EndGlobalSection
	GlobalSection(ExtensibilityGlobals) = postSolution
		SolutionGuid = {157F35E9-E8F1-45BE-BD34-6D33540B3C66}
	EndGlobalSection
EndGlobal
